// !$*UTF8*$!
{
	archiveVersion = 1;
	classes = {
	};
	objectVersion = 46;
	objects = {

/* Begin PBXBuildFile section */
		8A6C8CC31ECEF46300BA84CF /* AppDelegate.swift in Sources */ = {isa = PBXBuildFile; fileRef = 8A6C8CC21ECEF46300BA84CF /* AppDelegate.swift */; };
		8A6C8CC51ECEF46300BA84CF /* ViewController.swift in Sources */ = {isa = PBXBuildFile; fileRef = 8A6C8CC41ECEF46300BA84CF /* ViewController.swift */; };
		8A6C8CC81ECEF46300BA84CF /* Main.storyboard in Resources */ = {isa = PBXBuildFile; fileRef = 8A6C8CC61ECEF46300BA84CF /* Main.storyboard */; };
		8A6C8CCA1ECEF46300BA84CF /* Assets.xcassets in Resources */ = {isa = PBXBuildFile; fileRef = 8A6C8CC91ECEF46300BA84CF /* Assets.xcassets */; };
		8A6C8CCD1ECEF46300BA84CF /* LaunchScreen.storyboard in Resources */ = {isa = PBXBuildFile; fileRef = 8A6C8CCB1ECEF46300BA84CF /* LaunchScreen.storyboard */; };
		8A6C8CD81ECEF46300BA84CF /* AppMoMo_team2Tests.swift in Sources */ = {isa = PBXBuildFile; fileRef = 8A6C8CD71ECEF46300BA84CF /* AppMoMo_team2Tests.swift */; };
		8A6C8CE31ECEF46300BA84CF /* AppMoMo_team2UITests.swift in Sources */ = {isa = PBXBuildFile; fileRef = 8A6C8CE21ECEF46300BA84CF /* AppMoMo_team2UITests.swift */; };
		8A7407331ED2DCF9000AD1DB /* momo.jpg in Resources */ = {isa = PBXBuildFile; fileRef = 8A7407321ED2DCF9000AD1DB /* momo.jpg */; };
		8A7407391ED2DEA4000AD1DB /* logo momo 2.jpg in Resources */ = {isa = PBXBuildFile; fileRef = 8A7407381ED2DEA4000AD1DB /* logo momo 2.jpg */; };
		8A74073C1ED2E2A0000AD1DB /* CustomButton.swift in Sources */ = {isa = PBXBuildFile; fileRef = 8A74073B1ED2E2A0000AD1DB /* CustomButton.swift */; };
/* End PBXBuildFile section */

/* Begin PBXContainerItemProxy section */
		8A6C8CD41ECEF46300BA84CF /* PBXContainerItemProxy */ = {
			isa = PBXContainerItemProxy;
			containerPortal = 8A6C8CB71ECEF46200BA84CF /* Project object */;
			proxyType = 1;
			remoteGlobalIDString = 8A6C8CBE1ECEF46300BA84CF;
			remoteInfo = AppMoMo_team2;
		};
		8A6C8CDF1ECEF46300BA84CF /* PBXContainerItemProxy */ = {
			isa = PBXContainerItemProxy;
			containerPortal = 8A6C8CB71ECEF46200BA84CF /* Project object */;
			proxyType = 1;
			remoteGlobalIDString = 8A6C8CBE1ECEF46300BA84CF;
			remoteInfo = AppMoMo_team2;
		};
/* End PBXContainerItemProxy section */

/* Begin PBXFileReference section */
		8A6C8CBF1ECEF46300BA84CF /* AppMoMo_team2.app */ = {isa = PBXFileReference; explicitFileType = wrapper.application; includeInIndex = 0; path = AppMoMo_team2.app; sourceTree = BUILT_PRODUCTS_DIR; };
		8A6C8CC21ECEF46300BA84CF /* AppDelegate.swift */ = {isa = PBXFileReference; lastKnownFileType = sourcecode.swift; path = AppDelegate.swift; sourceTree = "<group>"; };
		8A6C8CC41ECEF46300BA84CF /* ViewController.swift */ = {isa = PBXFileReference; lastKnownFileType = sourcecode.swift; path = ViewController.swift; sourceTree = "<group>"; };
		8A6C8CC71ECEF46300BA84CF /* Base */ = {isa = PBXFileReference; lastKnownFileType = file.storyboard; name = Base; path = Base.lproj/Main.storyboard; sourceTree = "<group>"; };
		8A6C8CC91ECEF46300BA84CF /* Assets.xcassets */ = {isa = PBXFileReference; lastKnownFileType = folder.assetcatalog; path = Assets.xcassets; sourceTree = "<group>"; };
		8A6C8CCC1ECEF46300BA84CF /* Base */ = {isa = PBXFileReference; lastKnownFileType = file.storyboard; name = Base; path = Base.lproj/LaunchScreen.storyboard; sourceTree = "<group>"; };
		8A6C8CCE1ECEF46300BA84CF /* Info.plist */ = {isa = PBXFileReference; lastKnownFileType = text.plist.xml; path = Info.plist; sourceTree = "<group>"; };
		8A6C8CD31ECEF46300BA84CF /* AppMoMo_team2Tests.xctest */ = {isa = PBXFileReference; explicitFileType = wrapper.cfbundle; includeInIndex = 0; path = AppMoMo_team2Tests.xctest; sourceTree = BUILT_PRODUCTS_DIR; };
		8A6C8CD71ECEF46300BA84CF /* AppMoMo_team2Tests.swift */ = {isa = PBXFileReference; lastKnownFileType = sourcecode.swift; path = AppMoMo_team2Tests.swift; sourceTree = "<group>"; };
		8A6C8CD91ECEF46300BA84CF /* Info.plist */ = {isa = PBXFileReference; lastKnownFileType = text.plist.xml; path = Info.plist; sourceTree = "<group>"; };
		8A6C8CDE1ECEF46300BA84CF /* AppMoMo_team2UITests.xctest */ = {isa = PBXFileReference; explicitFileType = wrapper.cfbundle; includeInIndex = 0; path = AppMoMo_team2UITests.xctest; sourceTree = BUILT_PRODUCTS_DIR; };
		8A6C8CE21ECEF46300BA84CF /* AppMoMo_team2UITests.swift */ = {isa = PBXFileReference; lastKnownFileType = sourcecode.swift; path = AppMoMo_team2UITests.swift; sourceTree = "<group>"; };
		8A6C8CE41ECEF46300BA84CF /* Info.plist */ = {isa = PBXFileReference; lastKnownFileType = text.plist.xml; path = Info.plist; sourceTree = "<group>"; };
		8A7407321ED2DCF9000AD1DB /* momo.jpg */ = {isa = PBXFileReference; lastKnownFileType = image.jpeg; name = momo.jpg; path = ../../../../../Volumes/Data/hinh/momo.jpg; sourceTree = "<group>"; };
		8A7407381ED2DEA4000AD1DB /* logo momo 2.jpg */ = {isa = PBXFileReference; lastKnownFileType = image.jpeg; name = "logo momo 2.jpg"; path = "../../../../../Volumes/Data/hinh/logo momo 2.jpg"; sourceTree = "<group>"; };
		8A74073B1ED2E2A0000AD1DB /* CustomButton.swift */ = {isa = PBXFileReference; fileEncoding = 4; lastKnownFileType = sourcecode.swift; name = CustomButton.swift; path = ../../../../../Volumes/Data/Project/Baitap3/Baitap3/CustomButton.swift; sourceTree = "<group>"; };
/* End PBXFileReference section */

/* Begin PBXFrameworksBuildPhase section */
		8A6C8CBC1ECEF46300BA84CF /* Frameworks */ = {
			isa = PBXFrameworksBuildPhase;
			buildActionMask = 2147483647;
			files = (
			);
			runOnlyForDeploymentPostprocessing = 0;
		};
		8A6C8CD01ECEF46300BA84CF /* Frameworks */ = {
			isa = PBXFrameworksBuildPhase;
			buildActionMask = 2147483647;
			files = (
			);
			runOnlyForDeploymentPostprocessing = 0;
		};
		8A6C8CDB1ECEF46300BA84CF /* Frameworks */ = {
			isa = PBXFrameworksBuildPhase;
			buildActionMask = 2147483647;
			files = (
			);
			runOnlyForDeploymentPostprocessing = 0;
		};
/* End PBXFrameworksBuildPhase section */

/* Begin PBXGroup section */
		8A6C8CB61ECEF46200BA84CF = {
			isa = PBXGroup;
			children = (
				8A6C8CC11ECEF46300BA84CF /* AppMoMo_team2 */,
				8A6C8CD61ECEF46300BA84CF /* AppMoMo_team2Tests */,
				8A6C8CE11ECEF46300BA84CF /* AppMoMo_team2UITests */,
				8A6C8CC01ECEF46300BA84CF /* Products */,
			);
			sourceTree = "<group>";
		};
		8A6C8CC01ECEF46300BA84CF /* Products */ = {
			isa = PBXGroup;
			children = (
				8A6C8CBF1ECEF46300BA84CF /* AppMoMo_team2.app */,
				8A6C8CD31ECEF46300BA84CF /* AppMoMo_team2Tests.xctest */,
				8A6C8CDE1ECEF46300BA84CF /* AppMoMo_team2UITests.xctest */,
			);
			name = Products;
			sourceTree = "<group>";
		};
		8A6C8CC11ECEF46300BA84CF /* AppMoMo_team2 */ = {
			isa = PBXGroup;
			children = (
				8A74073A1ED2E28B000AD1DB /* custom */,
				8A74072B1ED2DA94000AD1DB /* bg */,
				8A6C8CC21ECEF46300BA84CF /* AppDelegate.swift */,
				8A6C8CC41ECEF46300BA84CF /* ViewController.swift */,
				8A6C8CC61ECEF46300BA84CF /* Main.storyboard */,
				8A6C8CC91ECEF46300BA84CF /* Assets.xcassets */,
				8A6C8CCB1ECEF46300BA84CF /* LaunchScreen.storyboard */,
				8A6C8CCE1ECEF46300BA84CF /* Info.plist */,
			);
			path = AppMoMo_team2;
			sourceTree = "<group>";
		};
		8A6C8CD61ECEF46300BA84CF /* AppMoMo_team2Tests */ = {
			isa = PBXGroup;
			children = (
				8A6C8CD71ECEF46300BA84CF /* AppMoMo_team2Tests.swift */,
				8A6C8CD91ECEF46300BA84CF /* Info.plist */,
			);
			path = AppMoMo_team2Tests;
			sourceTree = "<group>";
		};
		8A6C8CE11ECEF46300BA84CF /* AppMoMo_team2UITests */ = {
			isa = PBXGroup;
			children = (
				8A6C8CE21ECEF46300BA84CF /* AppMoMo_team2UITests.swift */,
				8A6C8CE41ECEF46300BA84CF /* Info.plist */,
			);
			path = AppMoMo_team2UITests;
			sourceTree = "<group>";
		};
		8A74072B1ED2DA94000AD1DB /* bg */ = {
			isa = PBXGroup;
			children = (
				8A7407381ED2DEA4000AD1DB /* logo momo 2.jpg */,
				8A7407321ED2DCF9000AD1DB /* momo.jpg */,
			);
			name = bg;
			sourceTree = "<group>";
		};
		8A74073A1ED2E28B000AD1DB /* custom */ = {
			isa = PBXGroup;
			children = (
				8A74073B1ED2E2A0000AD1DB /* CustomButton.swift */,
			);
			name = custom;
			sourceTree = "<group>";
		};
/* End PBXGroup section */

/* Begin PBXNativeTarget section */
		8A6C8CBE1ECEF46300BA84CF /* AppMoMo_team2 */ = {
			isa = PBXNativeTarget;
			buildConfigurationList = 8A6C8CE71ECEF46300BA84CF /* Build configuration list for PBXNativeTarget "AppMoMo_team2" */;
			buildPhases = (
				8A6C8CBB1ECEF46300BA84CF /* Sources */,
				8A6C8CBC1ECEF46300BA84CF /* Frameworks */,
				8A6C8CBD1ECEF46300BA84CF /* Resources */,
			);
			buildRules = (
			);
			dependencies = (
			);
			name = AppMoMo_team2;
			productName = AppMoMo_team2;
			productReference = 8A6C8CBF1ECEF46300BA84CF /* AppMoMo_team2.app */;
			productType = "com.apple.product-type.application";
		};
		8A6C8CD21ECEF46300BA84CF /* AppMoMo_team2Tests */ = {
			isa = PBXNativeTarget;
			buildConfigurationList = 8A6C8CEA1ECEF46300BA84CF /* Build configuration list for PBXNativeTarget "AppMoMo_team2Tests" */;
			buildPhases = (
				8A6C8CCF1ECEF46300BA84CF /* Sources */,
				8A6C8CD01ECEF46300BA84CF /* Frameworks */,
				8A6C8CD11ECEF46300BA84CF /* Resources */,
			);
			buildRules = (
			);
			dependencies = (
				8A6C8CD51ECEF46300BA84CF /* PBXTargetDependency */,
			);
			name = AppMoMo_team2Tests;
			productName = AppMoMo_team2Tests;
			productReference = 8A6C8CD31ECEF46300BA84CF /* AppMoMo_team2Tests.xctest */;
			productType = "com.apple.product-type.bundle.unit-test";
		};
		8A6C8CDD1ECEF46300BA84CF /* AppMoMo_team2UITests */ = {
			isa = PBXNativeTarget;
			buildConfigurationList = 8A6C8CED1ECEF46300BA84CF /* Build configuration list for PBXNativeTarget "AppMoMo_team2UITests" */;
			buildPhases = (
				8A6C8CDA1ECEF46300BA84CF /* Sources */,
				8A6C8CDB1ECEF46300BA84CF /* Frameworks */,
				8A6C8CDC1ECEF46300BA84CF /* Resources */,
			);
			buildRules = (
			);
			dependencies = (
				8A6C8CE01ECEF46300BA84CF /* PBXTargetDependency */,
			);
			name = AppMoMo_team2UITests;
			productName = AppMoMo_team2UITests;
			productReference = 8A6C8CDE1ECEF46300BA84CF /* AppMoMo_team2UITests.xctest */;
			productType = "com.apple.product-type.bundle.ui-testing";
		};
/* End PBXNativeTarget section */

/* Begin PBXProject section */
		8A6C8CB71ECEF46200BA84CF /* Project object */ = {
			isa = PBXProject;
			attributes = {
				LastSwiftUpdateCheck = 0730;
				LastUpgradeCheck = 0730;
				ORGANIZATIONNAME = cuscedu;
				TargetAttributes = {
					8A6C8CBE1ECEF46300BA84CF = {
						CreatedOnToolsVersion = 7.3.1;
					};
					8A6C8CD21ECEF46300BA84CF = {
						CreatedOnToolsVersion = 7.3.1;
						TestTargetID = 8A6C8CBE1ECEF46300BA84CF;
					};
					8A6C8CDD1ECEF46300BA84CF = {
						CreatedOnToolsVersion = 7.3.1;
						TestTargetID = 8A6C8CBE1ECEF46300BA84CF;
					};
				};
			};
			buildConfigurationList = 8A6C8CBA1ECEF46200BA84CF /* Build configuration list for PBXProject "AppMoMo_team2" */;
			compatibilityVersion = "Xcode 3.2";
			developmentRegion = English;
			hasScannedForEncodings = 0;
			knownRegions = (
				en,
				Base,
			);
			mainGroup = 8A6C8CB61ECEF46200BA84CF;
			productRefGroup = 8A6C8CC01ECEF46300BA84CF /* Products */;
			projectDirPath = "";
			projectRoot = "";
			targets = (
				8A6C8CBE1ECEF46300BA84CF /* AppMoMo_team2 */,
				8A6C8CD21ECEF46300BA84CF /* AppMoMo_team2Tests */,
				8A6C8CDD1ECEF46300BA84CF /* AppMoMo_team2UITests */,
			);
		};
/* End PBXProject section */

/* Begin PBXResourcesBuildPhase section */
		8A6C8CBD1ECEF46300BA84CF /* Resources */ = {
			isa = PBXResourcesBuildPhase;
			buildActionMask = 2147483647;
			files = (
				8A7407391ED2DEA4000AD1DB /* logo momo 2.jpg in Resources */,
				8A6C8CCD1ECEF46300BA84CF /* LaunchScreen.storyboard in Resources */,
				8A6C8CCA1ECEF46300BA84CF /* Assets.xcassets in Resources */,
				8A6C8CC81ECEF46300BA84CF /* Main.storyboard in Resources */,
				8A7407331ED2DCF9000AD1DB /* momo.jpg in Resources */,
			);
			runOnlyForDeploymentPostprocessing = 0;
		};
		8A6C8CD11ECEF46300BA84CF /* Resources */ = {
			isa = PBXResourcesBuildPhase;
			buildActionMask = 2147483647;
			files = (
			);
			runOnlyForDeploymentPostprocessing = 0;
		};
		8A6C8CDC1ECEF46300BA84CF /* Resources */ = {
			isa = PBXResourcesBuildPhase;
			buildActionMask = 2147483647;
			files = (
			);
			runOnlyForDeploymentPostprocessing = 0;
		};
/* End PBXResourcesBuildPhase section */

/* Begin PBXSourcesBuildPhase section */
		8A6C8CBB1ECEF46300BA84CF /* Sources */ = {
			isa = PBXSourcesBuildPhase;
			buildActionMask = 2147483647;
			files = (
				8A6C8CC51ECEF46300BA84CF /* ViewController.swift in Sources */,
				8A6C8CC31ECEF46300BA84CF /* AppDelegate.swift in Sources */,
				8A74073C1ED2E2A0000AD1DB /* CustomButton.swift in Sources */,
			);
			runOnlyForDeploymentPostprocessing = 0;
		};
		8A6C8CCF1ECEF46300BA84CF /* Sources */ = {
			isa = PBXSourcesBuildPhase;
			buildActionMask = 2147483647;
			files = (
				8A6C8CD81ECEF46300BA84CF /* AppMoMo_team2Tests.swift in Sources */,
			);
			runOnlyForDeploymentPostprocessing = 0;
		};
		8A6C8CDA1ECEF46300BA84CF /* Sources */ = {
			isa = PBXSourcesBuildPhase;
			buildActionMask = 2147483647;
			files = (
				8A6C8CE31ECEF46300BA84CF /* AppMoMo_team2UITests.swift in Sources */,
			);
			runOnlyForDeploymentPostprocessing = 0;
		};
/* End PBXSourcesBuildPhase section */

/* Begin PBXTargetDependency section */
		8A6C8CD51ECEF46300BA84CF /* PBXTargetDependency */ = {
			isa = PBXTargetDependency;
			target = 8A6C8CBE1ECEF46300BA84CF /* AppMoMo_team2 */;
			targetProxy = 8A6C8CD41ECEF46300BA84CF /* PBXContainerItemProxy */;
		};
		8A6C8CE01ECEF46300BA84CF /* PBXTargetDependency */ = {
			isa = PBXTargetDependency;
			target = 8A6C8CBE1ECEF46300BA84CF /* AppMoMo_team2 */;
			targetProxy = 8A6C8CDF1ECEF46300BA84CF /* PBXContainerItemProxy */;
		};
/* End PBXTargetDependency section */

/* Begin PBXVariantGroup section */
		8A6C8CC61ECEF46300BA84CF /* Main.storyboard */ = {
			isa = PBXVariantGroup;
			children = (
				8A6C8CC71ECEF46300BA84CF /* Base */,
			);
			name = Main.storyboard;
			sourceTree = "<group>";
		};
		8A6C8CCB1ECEF46300BA84CF /* LaunchScreen.storyboard */ = {
			isa = PBXVariantGroup;
			children = (
				8A6C8CCC1ECEF46300BA84CF /* Base */,
			);
			name = LaunchScreen.storyboard;
			sourceTree = "<group>";
		};
/* End PBXVariantGroup section */

/* Begin XCBuildConfiguration section */
		8A6C8CE51ECEF46300BA84CF /* Debug */ = {
			isa = XCBuildConfiguration;
			buildSettings = {
				ALWAYS_SEARCH_USER_PATHS = NO;
				CLANG_ANALYZER_NONNULL = YES;
				CLANG_CXX_LANGUAGE_STANDARD = "gnu++0x";
				CLANG_CXX_LIBRARY = "libc++";
				CLANG_ENABLE_MODULES = YES;
				CLANG_ENABLE_OBJC_ARC = YES;
				CLANG_WARN_BOOL_CONVERSION = YES;
				CLANG_WARN_CONSTANT_CONVERSION = YES;
				CLANG_WARN_DIRECT_OBJC_ISA_USAGE = YES_ERROR;
				CLANG_WARN_EMPTY_BODY = YES;
				CLANG_WARN_ENUM_CONVERSION = YES;
				CLANG_WARN_INT_CONVERSION = YES;
				CLANG_WARN_OBJC_ROOT_CLASS = YES_ERROR;
				CLANG_WARN_UNREACHABLE_CODE = YES;
				CLANG_WARN__DUPLICATE_METHOD_MATCH = YES;
				"CODE_SIGN_IDENTITY[sdk=iphoneos*]" = "iPhone Developer";
				COPY_PHASE_STRIP = NO;
				DEBUG_INFORMATION_FORMAT = dwarf;
				ENABLE_STRICT_OBJC_MSGSEND = YES;
				ENABLE_TESTABILITY = YES;
				GCC_C_LANGUAGE_STANDARD = gnu99;
				GCC_DYNAMIC_NO_PIC = NO;
				GCC_NO_COMMON_BLOCKS = YES;
				GCC_OPTIMIZATION_LEVEL = 0;
				GCC_PREPROCESSOR_DEFINITIONS = (
					"DEBUG=1",
					"$(inherited)",
				);
				GCC_WARN_64_TO_32_BIT_CONVERSION = YES;
				GCC_WARN_ABOUT_RETURN_TYPE = YES_ERROR;
				GCC_WARN_UNDECLARED_SELECTOR = YES;
				GCC_WARN_UNINITIALIZED_AUTOS = YES_AGGRESSIVE;
				GCC_WARN_UNUSED_FUNCTION = YES;
				GCC_WARN_UNUSED_VARIABLE = YES;
				IPHONEOS_DEPLOYMENT_TARGET = 9.3;
				MTL_ENABLE_DEBUG_INFO = YES;
				ONLY_ACTIVE_ARCH = YES;
				SDKROOT = iphoneos;
				SWIFT_OPTIMIZATION_LEVEL = "-Onone";
				TARGETED_DEVICE_FAMILY = "1,2";
			};
			name = Debug;
		};
		8A6C8CE61ECEF46300BA84CF /* Release */ = {
			isa = XCBuildConfiguration;
			buildSettings = {
				ALWAYS_SEARCH_USER_PATHS = NO;
				CLANG_ANALYZER_NONNULL = YES;
				CLANG_CXX_LANGUAGE_STANDARD = "gnu++0x";
				CLANG_CXX_LIBRARY = "libc++";
				CLANG_ENABLE_MODULES = YES;
				CLANG_ENABLE_OBJC_ARC = YES;
				CLANG_WARN_BOOL_CONVERSION = YES;
				CLANG_WARN_CONSTANT_CONVERSION = YES;
				CLANG_WARN_DIRECT_OBJC_ISA_USAGE = YES_ERROR;
				CLANG_WARN_EMPTY_BODY = YES;
				CLANG_WARN_ENUM_CONVERSION = YES;
				CLANG_WARN_INT_CONVERSION = YES;
				CLANG_WARN_OBJC_ROOT_CLASS = YES_ERROR;
				CLANG_WARN_UNREACHABLE_CODE = YES;
				CLANG_WARN__DUPLICATE_METHOD_MATCH = YES;
				"CODE_SIGN_IDENTITY[sdk=iphoneos*]" = "iPhone Developer";
				COPY_PHASE_STRIP = NO;
				DEBUG_INFORMATION_FORMAT = "dwarf-with-dsym";
				ENABLE_NS_ASSERTIONS = NO;
				ENABLE_STRICT_OBJC_MSGSEND = YES;
				GCC_C_LANGUAGE_STANDARD = gnu99;
				GCC_NO_COMMON_BLOCKS = YES;
				GCC_WARN_64_TO_32_BIT_CONVERSION = YES;
				GCC_WARN_ABOUT_RETURN_TYPE = YES_ERROR;
				GCC_WARN_UNDECLARED_SELECTOR = YES;
				GCC_WARN_UNINITIALIZED_AUTOS = YES_AGGRESSIVE;
				GCC_WARN_UNUSED_FUNCTION = YES;
				GCC_WARN_UNUSED_VARIABLE = YES;
				IPHONEOS_DEPLOYMENT_TARGET = 9.3;
				MTL_ENABLE_DEBUG_INFO = NO;
				SDKROOT = iphoneos;
				TARGETED_DEVICE_FAMILY = "1,2";
				VALIDATE_PRODUCT = YES;
			};
			name = Release;
		};
		8A6C8CE81ECEF46300BA84CF /* Debug */ = {
			isa = XCBuildConfiguration;
			buildSettings = {
				ASSETCATALOG_COMPILER_APPICON_NAME = AppIcon;
				INFOPLIST_FILE = AppMoMo_team2/Info.plist;
				LD_RUNPATH_SEARCH_PATHS = "$(inherited) @executable_path/Frameworks";
				PRODUCT_BUNDLE_IDENTIFIER = "cusc.ctu.AppMoMo-team2";
				PRODUCT_NAME = "$(TARGET_NAME)";
			};
			name = Debug;
		};
		8A6C8CE91ECEF46300BA84CF /* Release */ = {
			isa = XCBuildConfiguration;
			buildSettings = {
				ASSETCATALOG_COMPILER_APPICON_NAME = AppIcon;
				INFOPLIST_FILE = AppMoMo_team2/Info.plist;
				LD_RUNPATH_SEARCH_PATHS = "$(inherited) @executable_path/Frameworks";
				PRODUCT_BUNDLE_IDENTIFIER = "cusc.ctu.AppMoMo-team2";
				PRODUCT_NAME = "$(TARGET_NAME)";
			};
			name = Release;
		};
		8A6C8CEB1ECEF46300BA84CF /* Debug */ = {
			isa = XCBuildConfiguration;
			buildSettings = {
				BUNDLE_LOADER = "$(TEST_HOST)";
				INFOPLIST_FILE = AppMoMo_team2Tests/Info.plist;
				LD_RUNPATH_SEARCH_PATHS = "$(inherited) @executable_path/Frameworks @loader_path/Frameworks";
				PRODUCT_BUNDLE_IDENTIFIER = "cusc.ctu.AppMoMo-team2Tests";
				PRODUCT_NAME = "$(TARGET_NAME)";
				TEST_HOST = "$(BUILT_PRODUCTS_DIR)/AppMoMo_team2.app/AppMoMo_team2";
			};
			name = Debug;
		};
		8A6C8CEC1ECEF46300BA84CF /* Release */ = {
			isa = XCBuildConfiguration;
			buildSettings = {
				BUNDLE_LOADER = "$(TEST_HOST)";
				INFOPLIST_FILE = AppMoMo_team2Tests/Info.plist;
				LD_RUNPATH_SEARCH_PATHS = "$(inherited) @executable_path/Frameworks @loader_path/Frameworks";
				PRODUCT_BUNDLE_IDENTIFIER = "cusc.ctu.AppMoMo-team2Tests";
				PRODUCT_NAME = "$(TARGET_NAME)";
				TEST_HOST = "$(BUILT_PRODUCTS_DIR)/AppMoMo_team2.app/AppMoMo_team2";
			};
			name = Release;
		};
		8A6C8CEE1ECEF46300BA84CF /* Debug */ = {
			isa = XCBuildConfiguration;
			buildSettings = {
				INFOPLIST_FILE = AppMoMo_team2UITests/Info.plist;
				LD_RUNPATH_SEARCH_PATHS = "$(inherited) @executable_path/Frameworks @loader_path/Frameworks";
				PRODUCT_BUNDLE_IDENTIFIER = "cusc.ctu.AppMoMo-team2UITests";
				PRODUCT_NAME = "$(TARGET_NAME)";
				TEST_TARGET_NAME = AppMoMo_team2;
			};
			name = Debug;
		};
		8A6C8CEF1ECEF46300BA84CF /* Release */ = {
			isa = XCBuildConfiguration;
			buildSettings = {
				INFOPLIST_FILE = AppMoMo_team2UITests/Info.plist;
				LD_RUNPATH_SEARCH_PATHS = "$(inherited) @executable_path/Frameworks @loader_path/Frameworks";
				PRODUCT_BUNDLE_IDENTIFIER = "cusc.ctu.AppMoMo-team2UITests";
				PRODUCT_NAME = "$(TARGET_NAME)";
				TEST_TARGET_NAME = AppMoMo_team2;
			};
			name = Release;
		};
/* End XCBuildConfiguration section */

/* Begin XCConfigurationList section */
		8A6C8CBA1ECEF46200BA84CF /* Build configuration list for PBXProject "AppMoMo_team2" */ = {
			isa = XCConfigurationList;
			buildConfigurations = (
				8A6C8CE51ECEF46300BA84CF /* Debug */,
				8A6C8CE61ECEF46300BA84CF /* Release */,
			);
			defaultConfigurationIsVisible = 0;
			defaultConfigurationName = Release;
		};
		8A6C8CE71ECEF46300BA84CF /* Build configuration list for PBXNativeTarget "AppMoMo_team2" */ = {
			isa = XCConfigurationList;
			buildConfigurations = (
				8A6C8CE81ECEF46300BA84CF /* Debug */,
				8A6C8CE91ECEF46300BA84CF /* Release */,
			);
			defaultConfigurationIsVisible = 0;
			defaultConfigurationName = Release;
		};
		8A6C8CEA1ECEF46300BA84CF /* Build configuration list for PBXNativeTarget "AppMoMo_team2Tests" */ = {
			isa = XCConfigurationList;
			buildConfigurations = (
				8A6C8CEB1ECEF46300BA84CF /* Debug */,
				8A6C8CEC1ECEF46300BA84CF /* Release */,
			);
			defaultConfigurationIsVisible = 0;
			defaultConfigurationName = Release;
		};
		8A6C8CED1ECEF46300BA84CF /* Build configuration list for PBXNativeTarget "AppMoMo_team2UITests" */ = {
			isa = XCConfigurationList;
			buildConfigurations = (
				8A6C8CEE1ECEF46300BA84CF /* Debug */,
				8A6C8CEF1ECEF46300BA84CF /* Release */,
			);
			defaultConfigurationIsVisible = 0;
			defaultConfigurationName = Release;
		};
/* End XCConfigurationList section */
	};
	rootObject = 8A6C8CB71ECEF46200BA84CF /* Project object */;
}
